
Microsoft Visual Studio Solution File, Format Version 12.00
# Visual Studio 15
VisualStudioVersion = 15.0.27703.2000
MinimumVisualStudioVersion = 10.0.40219.1
Project("{FAE04EC0-301F-11D3-BF4B-00C04F79EFBC}") = "Impares", "Impares\Impares.csproj", "{0D53DAFF-CCB6-4CD4-A7A6-5DB77C26870A}"
EndProject
Global
	GlobalSection(SolutionConfigurationPlatforms) = preSolution
		Debug|Any CPU = Debug|Any CPU
		Release|Any CPU = Release|Any CPU
	EndGlobalSection
	GlobalSection(ProjectConfigurationPlatforms) = postSolution
		{0D53DAFF-CCB6-4CD4-A7A6-5DB77C26870A}.Debug|Any CPU.ActiveCfg = Debug|Any CPU
		{0D53DAFF-CCB6-4CD4-A7A6-5DB77C26870A}.Debug|Any CPU.Build.0 = Debug|Any CPU
		{0D53DAFF-CCB6-4CD4-A7A6-5DB77C26870A}.Release|Any CPU.ActiveCfg = Release|Any CPU
		{0D53DAFF-CCB6-4CD4-A7A6-5DB77C26870A}.Release|Any CPU.Build.0 = Release|Any CPU
	EndGlobalSection
	GlobalSection(SolutionProperties) = preSolution
		HideSolutionNode = FALSE
	EndGlobalSection
	GlobalSection(ExtensibilityGlobals) = postSolution
		SolutionGuid = {A2FA5AB1-EE42-4AA9-BF39-5B1A29C72403}
	EndGlobalSection
EndGlobal
