
Microsoft Visual Studio Solution File, Format Version 12.00
# Visual Studio 15
VisualStudioVersion = 15.0.27703.2000
MinimumVisualStudioVersion = 10.0.40219.1
Project("{FAE04EC0-301F-11D3-BF4B-00C04F79EFBC}") = "Mes", "Mes\Mes.csproj", "{EC45952B-77BB-45A5-A9A1-D522E04DC8B2}"
EndProject
Global
	GlobalSection(SolutionConfigurationPlatforms) = preSolution
		Debug|Any CPU = Debug|Any CPU
		Release|Any CPU = Release|Any CPU
	EndGlobalSection
	GlobalSection(ProjectConfigurationPlatforms) = postSolution
		{EC45952B-77BB-45A5-A9A1-D522E04DC8B2}.Debug|Any CPU.ActiveCfg = Debug|Any CPU
		{EC45952B-77BB-45A5-A9A1-D522E04DC8B2}.Debug|Any CPU.Build.0 = Debug|Any CPU
		{EC45952B-77BB-45A5-A9A1-D522E04DC8B2}.Release|Any CPU.ActiveCfg = Release|Any CPU
		{EC45952B-77BB-45A5-A9A1-D522E04DC8B2}.Release|Any CPU.Build.0 = Release|Any CPU
	EndGlobalSection
	GlobalSection(SolutionProperties) = preSolution
		HideSolutionNode = FALSE
	EndGlobalSection
	GlobalSection(ExtensibilityGlobals) = postSolution
		SolutionGuid = {2F052BDB-CF5B-4D2D-8ADE-E1316CED9D3A}
	EndGlobalSection
EndGlobal
