
Microsoft Visual Studio Solution File, Format Version 12.00
# Visual Studio 15
VisualStudioVersion = 15.0.27703.2000
MinimumVisualStudioVersion = 10.0.40219.1
Project("{FAE04EC0-301F-11D3-BF4B-00C04F79EFBC}") = "FatorialSimples", "FatorialSimples\FatorialSimples.csproj", "{5E4D58BA-B01F-4B7E-9EA7-39E72D214EBE}"
EndProject
Global
	GlobalSection(SolutionConfigurationPlatforms) = preSolution
		Debug|Any CPU = Debug|Any CPU
		Release|Any CPU = Release|Any CPU
	EndGlobalSection
	GlobalSection(ProjectConfigurationPlatforms) = postSolution
		{5E4D58BA-B01F-4B7E-9EA7-39E72D214EBE}.Debug|Any CPU.ActiveCfg = Debug|Any CPU
		{5E4D58BA-B01F-4B7E-9EA7-39E72D214EBE}.Debug|Any CPU.Build.0 = Debug|Any CPU
		{5E4D58BA-B01F-4B7E-9EA7-39E72D214EBE}.Release|Any CPU.ActiveCfg = Release|Any CPU
		{5E4D58BA-B01F-4B7E-9EA7-39E72D214EBE}.Release|Any CPU.Build.0 = Release|Any CPU
	EndGlobalSection
	GlobalSection(SolutionProperties) = preSolution
		HideSolutionNode = FALSE
	EndGlobalSection
	GlobalSection(ExtensibilityGlobals) = postSolution
		SolutionGuid = {557E59CE-3FD5-457F-9140-5CA253F185A6}
	EndGlobalSection
EndGlobal
