
Microsoft Visual Studio Solution File, Format Version 12.00
# Visual Studio 15
VisualStudioVersion = 15.0.27703.2000
MinimumVisualStudioVersion = 10.0.40219.1
Project("{FAE04EC0-301F-11D3-BF4B-00C04F79EFBC}") = "ExercicioMatriz1", "ExercicioMatriz1\ExercicioMatriz1.csproj", "{D9E898CE-1359-4818-966A-531ADF093C22}"
EndProject
Global
	GlobalSection(SolutionConfigurationPlatforms) = preSolution
		Debug|Any CPU = Debug|Any CPU
		Release|Any CPU = Release|Any CPU
	EndGlobalSection
	GlobalSection(ProjectConfigurationPlatforms) = postSolution
		{D9E898CE-1359-4818-966A-531ADF093C22}.Debug|Any CPU.ActiveCfg = Debug|Any CPU
		{D9E898CE-1359-4818-966A-531ADF093C22}.Debug|Any CPU.Build.0 = Debug|Any CPU
		{D9E898CE-1359-4818-966A-531ADF093C22}.Release|Any CPU.ActiveCfg = Release|Any CPU
		{D9E898CE-1359-4818-966A-531ADF093C22}.Release|Any CPU.Build.0 = Release|Any CPU
	EndGlobalSection
	GlobalSection(SolutionProperties) = preSolution
		HideSolutionNode = FALSE
	EndGlobalSection
	GlobalSection(ExtensibilityGlobals) = postSolution
		SolutionGuid = {6026286F-EC70-4405-86CC-0E9D21FF3770}
	EndGlobalSection
EndGlobal
