
Microsoft Visual Studio Solution File, Format Version 12.00
# Visual Studio 15
VisualStudioVersion = 15.0.27703.2000
MinimumVisualStudioVersion = 10.0.40219.1
Project("{FAE04EC0-301F-11D3-BF4B-00C04F79EFBC}") = "SomaDeParesConsecutivos", "SomaDeParesConsecutivos\SomaDeParesConsecutivos.csproj", "{63744F86-ECF0-4AEC-B673-0FA15CF5951F}"
EndProject
Global
	GlobalSection(SolutionConfigurationPlatforms) = preSolution
		Debug|Any CPU = Debug|Any CPU
		Release|Any CPU = Release|Any CPU
	EndGlobalSection
	GlobalSection(ProjectConfigurationPlatforms) = postSolution
		{63744F86-ECF0-4AEC-B673-0FA15CF5951F}.Debug|Any CPU.ActiveCfg = Debug|Any CPU
		{63744F86-ECF0-4AEC-B673-0FA15CF5951F}.Debug|Any CPU.Build.0 = Debug|Any CPU
		{63744F86-ECF0-4AEC-B673-0FA15CF5951F}.Release|Any CPU.ActiveCfg = Release|Any CPU
		{63744F86-ECF0-4AEC-B673-0FA15CF5951F}.Release|Any CPU.Build.0 = Release|Any CPU
	EndGlobalSection
	GlobalSection(SolutionProperties) = preSolution
		HideSolutionNode = FALSE
	EndGlobalSection
	GlobalSection(ExtensibilityGlobals) = postSolution
		SolutionGuid = {0217FCA9-C58B-407C-BE3C-201144DCA90E}
	EndGlobalSection
EndGlobal
