
Microsoft Visual Studio Solution File, Format Version 12.00
# Visual Studio 15
VisualStudioVersion = 15.0.27703.2000
MinimumVisualStudioVersion = 10.0.40219.1
Project("{FAE04EC0-301F-11D3-BF4B-00C04F79EFBC}") = "ParesImparesNegativos", "ParesImparesNegativos\ParesImparesNegativos.csproj", "{EF694276-32CE-44C5-96AB-9716B5BE789C}"
EndProject
Global
	GlobalSection(SolutionConfigurationPlatforms) = preSolution
		Debug|Any CPU = Debug|Any CPU
		Release|Any CPU = Release|Any CPU
	EndGlobalSection
	GlobalSection(ProjectConfigurationPlatforms) = postSolution
		{EF694276-32CE-44C5-96AB-9716B5BE789C}.Debug|Any CPU.ActiveCfg = Debug|Any CPU
		{EF694276-32CE-44C5-96AB-9716B5BE789C}.Debug|Any CPU.Build.0 = Debug|Any CPU
		{EF694276-32CE-44C5-96AB-9716B5BE789C}.Release|Any CPU.ActiveCfg = Release|Any CPU
		{EF694276-32CE-44C5-96AB-9716B5BE789C}.Release|Any CPU.Build.0 = Release|Any CPU
	EndGlobalSection
	GlobalSection(SolutionProperties) = preSolution
		HideSolutionNode = FALSE
	EndGlobalSection
	GlobalSection(ExtensibilityGlobals) = postSolution
		SolutionGuid = {D37FF16B-1141-49F0-8653-CA670C31DB9D}
	EndGlobalSection
EndGlobal
