
Microsoft Visual Studio Solution File, Format Version 12.00
# Visual Studio 15
VisualStudioVersion = 15.0.27703.2000
MinimumVisualStudioVersion = 10.0.40219.1
Project("{FAE04EC0-301F-11D3-BF4B-00C04F79EFBC}") = "PositivoComMedia", "PositivoComMedia\PositivoComMedia.csproj", "{AFB8C0B6-188D-4C22-97C4-D5C031D1E231}"
EndProject
Global
	GlobalSection(SolutionConfigurationPlatforms) = preSolution
		Debug|Any CPU = Debug|Any CPU
		Release|Any CPU = Release|Any CPU
	EndGlobalSection
	GlobalSection(ProjectConfigurationPlatforms) = postSolution
		{AFB8C0B6-188D-4C22-97C4-D5C031D1E231}.Debug|Any CPU.ActiveCfg = Debug|Any CPU
		{AFB8C0B6-188D-4C22-97C4-D5C031D1E231}.Debug|Any CPU.Build.0 = Debug|Any CPU
		{AFB8C0B6-188D-4C22-97C4-D5C031D1E231}.Release|Any CPU.ActiveCfg = Release|Any CPU
		{AFB8C0B6-188D-4C22-97C4-D5C031D1E231}.Release|Any CPU.Build.0 = Release|Any CPU
	EndGlobalSection
	GlobalSection(SolutionProperties) = preSolution
		HideSolutionNode = FALSE
	EndGlobalSection
	GlobalSection(ExtensibilityGlobals) = postSolution
		SolutionGuid = {8F59DB7A-A372-4873-857E-6B4E662667FE}
	EndGlobalSection
EndGlobal
